
Microsoft Visual Studio Solution File, Format Version 12.00
Project("{FAE04EC0-301F-11D3-BF4B-00C04F79EFBC}") = "VenueHosting.Module.User.Domain", "src\VenueHosting.Module.User.Domain\VenueHosting.Module.User.Domain.csproj", "{EBCD5B76-20BA-4CD9-B8FC-A7D9522C4C31}"
EndProject
Project("{FAE04EC0-301F-11D3-BF4B-00C04F79EFBC}") = "VenueHosting.Api.Host", "src\VenueHosting.Api.Host\VenueHosting.Api.Host.csproj", "{4CB14973-93E2-4B96-B67A-4E2981CA7F14}"
EndProject
Project("{FAE04EC0-301F-11D3-BF4B-00C04F79EFBC}") = "VenueHosting.Module.User.Infrastructure", "src\VenueHosting.Module.User.Infrastructure\VenueHosting.Module.User.Infrastructure.csproj", "{CA3FA2B0-8C00-4846-ABEA-1BCA0B3D1719}"
EndProject
Project("{FAE04EC0-301F-11D3-BF4B-00C04F79EFBC}") = "VenueHosting.Module.User.Application", "src\VenueHosting.Module.User.Application\VenueHosting.Module.User.Application.csproj", "{BD1CAD63-154D-47F1-BCF8-E626378CD5DC}"
EndProject
Project("{2150E333-8FDC-42A3-9474-1A3956D46DE8}") = "App", "App", "{CAA7ABA9-75AD-4364-9CC3-AC04A8872A82}"
EndProject
Project("{2150E333-8FDC-42A3-9474-1A3956D46DE8}") = "Solution Items", "Solution Items", "{D4B5B13E-FFEA-4891-B7E8-5639B8B5180F}"
	ProjectSection(SolutionItems) = preProject
		run-docker-compose.sh = run-docker-compose.sh
		docker-compose.yml = docker-compose.yml
	EndProjectSection
EndProject
Project("{2150E333-8FDC-42A3-9474-1A3956D46DE8}") = "Modules", "Modules", "{52567E81-DF6D-4D22-A83A-3D6DC184DEFB}"
EndProject
Project("{2150E333-8FDC-42A3-9474-1A3956D46DE8}") = "Venue", "Venue", "{D6E5B43C-034B-4DAF-A46A-B41C11C303BD}"
EndProject
Project("{FAE04EC0-301F-11D3-BF4B-00C04F79EFBC}") = "VenueHosting.Module.Venue.Api", "src\VenueHosting.Module.Venue.Api\VenueHosting.Module.Venue.Api.csproj", "{266D5AE5-F9EF-49A7-96C2-38620CE10B86}"
EndProject
Project("{FAE04EC0-301F-11D3-BF4B-00C04F79EFBC}") = "VenueHosting.Module.Venue.Application", "src\VenueHosting.Module.Venue.Application\VenueHosting.Module.Venue.Application.csproj", "{E6153CC5-9BB6-4C39-9E79-CF9AD54562B6}"
EndProject
Project("{FAE04EC0-301F-11D3-BF4B-00C04F79EFBC}") = "VenueHosting.Module.Venue.Domain", "src\VenueHosting.Module.Venue.Domain\VenueHosting.Module.Venue.Domain.csproj", "{3CAF28E6-0E30-45BF-8FD5-3AAD6ABE32D5}"
EndProject
Project("{FAE04EC0-301F-11D3-BF4B-00C04F79EFBC}") = "VenueHosting.Module.Venue.Infrastructure", "src\VenueHosting.Module.Venue.Infrastructure\VenueHosting.Module.Venue.Infrastructure.csproj", "{9B10617C-AE38-47C5-A5AB-E1A545690DF2}"
EndProject
Project("{FAE04EC0-301F-11D3-BF4B-00C04F79EFBC}") = "VenueHosting.SharedKernel", "src\VenueHosting.SharedKernel\VenueHosting.SharedKernel.csproj", "{B0AE0EE4-3695-4EF9-897E-A470393535E8}"
EndProject
Project("{2150E333-8FDC-42A3-9474-1A3956D46DE8}") = "Place", "Place", "{257F5EAE-4C96-48D4-9447-E766424B6828}"
EndProject
Project("{FAE04EC0-301F-11D3-BF4B-00C04F79EFBC}") = "VenueHosting.Module.Place.Api", "src\VenueHosting.Module.Place.Api\VenueHosting.Module.Place.Api.csproj", "{5A626F8C-0418-4577-97E5-526E2A90CCB7}"
EndProject
Project("{FAE04EC0-301F-11D3-BF4B-00C04F79EFBC}") = "VenueHosting.Module.Place.Domain", "src\VenueHosting.Module.Place.Domain\VenueHosting.Module.Place.Domain.csproj", "{EA620EE1-2E99-43E7-A4F2-D872023EA04E}"
EndProject
Project("{FAE04EC0-301F-11D3-BF4B-00C04F79EFBC}") = "VenueHosting.Module.Place.Application", "src\VenueHosting.Module.Place.Application\VenueHosting.Module.Place.Application.csproj", "{8DAD1163-6E99-4428-9129-49C95F67B555}"
EndProject
Project("{FAE04EC0-301F-11D3-BF4B-00C04F79EFBC}") = "VenueHosting.Module.Place.Infrastructure", "src\VenueHosting.Module.Place.Infrastructure\VenueHosting.Module.Place.Infrastructure.csproj", "{E98BF563-45C1-4C2B-A934-04204BFBE8EB}"
EndProject
Project("{2150E333-8FDC-42A3-9474-1A3956D46DE8}") = "Payment", "Payment", "{EE1E21FE-D488-4B33-927E-6D992388D5EF}"
EndProject
Project("{FAE04EC0-301F-11D3-BF4B-00C04F79EFBC}") = "VenueHosting.Module.Payment.Api", "src\VenueHosting.Module.Payment.Api\VenueHosting.Module.Payment.Api.csproj", "{9547AABE-6158-4B9A-A456-8D5E098041C4}"
EndProject
Project("{FAE04EC0-301F-11D3-BF4B-00C04F79EFBC}") = "VenueHosting.Module.Payment.Domain", "src\VenueHosting.Module.Payment.Domain\VenueHosting.Module.Payment.Domain.csproj", "{46573855-7B89-4C43-8490-68107BE7BB6B}"
EndProject
Project("{FAE04EC0-301F-11D3-BF4B-00C04F79EFBC}") = "VenueHosting.Module.Payment.Infrastructure", "src\VenueHosting.Module.Payment.Infrastructure\VenueHosting.Module.Payment.Infrastructure.csproj", "{1CDA93B0-B384-4C92-9999-2AA0D4D2EA1C}"
EndProject
Project("{FAE04EC0-301F-11D3-BF4B-00C04F79EFBC}") = "VenueHosting.Module.Payment.Application", "src\VenueHosting.Module.Payment.Application\VenueHosting.Module.Payment.Application.csproj", "{6974E99E-2B69-47A3-B789-DAE864045912}"
EndProject
Project("{2150E333-8FDC-42A3-9474-1A3956D46DE8}") = "User", "User", "{5359C893-942F-4973-8032-DE3B86A0B0F3}"
EndProject
Project("{2150E333-8FDC-42A3-9474-1A3956D46DE8}") = "Configurations", "Configurations", "{66BCF546-0630-4456-9DD3-4BBF28F58CE3}"
EndProject
Project("{FAE04EC0-301F-11D3-BF4B-00C04F79EFBC}") = "VenueHosting.Configuration", "src\VenueHosting.Configuration\VenueHosting.Configuration.csproj", "{AF7E70DC-9037-4B25-AEBB-9A421A4274CF}"
EndProject
Project("{FAE04EC0-301F-11D3-BF4B-00C04F79EFBC}") = "VenueHosting.Contracts", "src\VenueHosting.Contracts\VenueHosting.Contracts.csproj", "{753A9934-1469-4C0E-9BD6-EA4C22F9A37E}"
EndProject
Project("{FAE04EC0-301F-11D3-BF4B-00C04F79EFBC}") = "VenueHosting.Module.Venue.Consumers", "src\VenueHosting.Module.Venue.Consumers\VenueHosting.Module.Venue.Consumers.csproj", "{0F7F5299-51A8-4617-AE24-AA2C57843CD3}"
EndProject
Project("{2150E333-8FDC-42A3-9474-1A3956D46DE8}") = "Components", "Components", "{68D1DDE7-8971-49D0-91C3-82727BB948E9}"
EndProject
Project("{FAE04EC0-301F-11D3-BF4B-00C04F79EFBC}") = "Component.Domain.Persistence", "src\Components\Component.Domain.Persistence\Component.Domain.Persistence.csproj", "{893FBBE4-19DA-470F-A216-35090498504F}"
EndProject
Project("{FAE04EC0-301F-11D3-BF4B-00C04F79EFBC}") = "Component.Domain", "src\Components\Component.Domain\Component.Domain.csproj", "{D87BAE5A-3D09-424A-8216-A711482EE1AF}"
EndProject
Project("{FAE04EC0-301F-11D3-BF4B-00C04F79EFBC}") = "Components.Validation", "src\Components\Components.Validation\Components.Validation.csproj", "{7B0D4D98-82E5-42BF-A20B-98A9C212AFAB}"
EndProject
Global
	GlobalSection(SolutionConfigurationPlatforms) = preSolution
		Debug|Any CPU = Debug|Any CPU
		Release|Any CPU = Release|Any CPU
	EndGlobalSection
	GlobalSection(ProjectConfigurationPlatforms) = postSolution
		{EBCD5B76-20BA-4CD9-B8FC-A7D9522C4C31}.Debug|Any CPU.ActiveCfg = Debug|Any CPU
		{EBCD5B76-20BA-4CD9-B8FC-A7D9522C4C31}.Debug|Any CPU.Build.0 = Debug|Any CPU
		{EBCD5B76-20BA-4CD9-B8FC-A7D9522C4C31}.Release|Any CPU.ActiveCfg = Release|Any CPU
		{EBCD5B76-20BA-4CD9-B8FC-A7D9522C4C31}.Release|Any CPU.Build.0 = Release|Any CPU
		{4CB14973-93E2-4B96-B67A-4E2981CA7F14}.Debug|Any CPU.ActiveCfg = Debug|Any CPU
		{4CB14973-93E2-4B96-B67A-4E2981CA7F14}.Debug|Any CPU.Build.0 = Debug|Any CPU
		{4CB14973-93E2-4B96-B67A-4E2981CA7F14}.Release|Any CPU.ActiveCfg = Release|Any CPU
		{4CB14973-93E2-4B96-B67A-4E2981CA7F14}.Release|Any CPU.Build.0 = Release|Any CPU
		{CA3FA2B0-8C00-4846-ABEA-1BCA0B3D1719}.Debug|Any CPU.ActiveCfg = Debug|Any CPU
		{CA3FA2B0-8C00-4846-ABEA-1BCA0B3D1719}.Debug|Any CPU.Build.0 = Debug|Any CPU
		{CA3FA2B0-8C00-4846-ABEA-1BCA0B3D1719}.Release|Any CPU.ActiveCfg = Release|Any CPU
		{CA3FA2B0-8C00-4846-ABEA-1BCA0B3D1719}.Release|Any CPU.Build.0 = Release|Any CPU
		{BD1CAD63-154D-47F1-BCF8-E626378CD5DC}.Debug|Any CPU.ActiveCfg = Debug|Any CPU
		{BD1CAD63-154D-47F1-BCF8-E626378CD5DC}.Debug|Any CPU.Build.0 = Debug|Any CPU
		{BD1CAD63-154D-47F1-BCF8-E626378CD5DC}.Release|Any CPU.ActiveCfg = Release|Any CPU
		{BD1CAD63-154D-47F1-BCF8-E626378CD5DC}.Release|Any CPU.Build.0 = Release|Any CPU
		{266D5AE5-F9EF-49A7-96C2-38620CE10B86}.Debug|Any CPU.ActiveCfg = Debug|Any CPU
		{266D5AE5-F9EF-49A7-96C2-38620CE10B86}.Debug|Any CPU.Build.0 = Debug|Any CPU
		{266D5AE5-F9EF-49A7-96C2-38620CE10B86}.Release|Any CPU.ActiveCfg = Release|Any CPU
		{266D5AE5-F9EF-49A7-96C2-38620CE10B86}.Release|Any CPU.Build.0 = Release|Any CPU
		{E6153CC5-9BB6-4C39-9E79-CF9AD54562B6}.Debug|Any CPU.ActiveCfg = Debug|Any CPU
		{E6153CC5-9BB6-4C39-9E79-CF9AD54562B6}.Debug|Any CPU.Build.0 = Debug|Any CPU
		{E6153CC5-9BB6-4C39-9E79-CF9AD54562B6}.Release|Any CPU.ActiveCfg = Release|Any CPU
		{E6153CC5-9BB6-4C39-9E79-CF9AD54562B6}.Release|Any CPU.Build.0 = Release|Any CPU
		{3CAF28E6-0E30-45BF-8FD5-3AAD6ABE32D5}.Debug|Any CPU.ActiveCfg = Debug|Any CPU
		{3CAF28E6-0E30-45BF-8FD5-3AAD6ABE32D5}.Debug|Any CPU.Build.0 = Debug|Any CPU
		{3CAF28E6-0E30-45BF-8FD5-3AAD6ABE32D5}.Release|Any CPU.ActiveCfg = Release|Any CPU
		{3CAF28E6-0E30-45BF-8FD5-3AAD6ABE32D5}.Release|Any CPU.Build.0 = Release|Any CPU
		{9B10617C-AE38-47C5-A5AB-E1A545690DF2}.Debug|Any CPU.ActiveCfg = Debug|Any CPU
		{9B10617C-AE38-47C5-A5AB-E1A545690DF2}.Debug|Any CPU.Build.0 = Debug|Any CPU
		{9B10617C-AE38-47C5-A5AB-E1A545690DF2}.Release|Any CPU.ActiveCfg = Release|Any CPU
		{9B10617C-AE38-47C5-A5AB-E1A545690DF2}.Release|Any CPU.Build.0 = Release|Any CPU
		{B0AE0EE4-3695-4EF9-897E-A470393535E8}.Debug|Any CPU.ActiveCfg = Debug|Any CPU
		{B0AE0EE4-3695-4EF9-897E-A470393535E8}.Debug|Any CPU.Build.0 = Debug|Any CPU
		{B0AE0EE4-3695-4EF9-897E-A470393535E8}.Release|Any CPU.ActiveCfg = Release|Any CPU
		{B0AE0EE4-3695-4EF9-897E-A470393535E8}.Release|Any CPU.Build.0 = Release|Any CPU
		{5A626F8C-0418-4577-97E5-526E2A90CCB7}.Debug|Any CPU.ActiveCfg = Debug|Any CPU
		{5A626F8C-0418-4577-97E5-526E2A90CCB7}.Debug|Any CPU.Build.0 = Debug|Any CPU
		{5A626F8C-0418-4577-97E5-526E2A90CCB7}.Release|Any CPU.ActiveCfg = Release|Any CPU
		{5A626F8C-0418-4577-97E5-526E2A90CCB7}.Release|Any CPU.Build.0 = Release|Any CPU
		{EA620EE1-2E99-43E7-A4F2-D872023EA04E}.Debug|Any CPU.ActiveCfg = Debug|Any CPU
		{EA620EE1-2E99-43E7-A4F2-D872023EA04E}.Debug|Any CPU.Build.0 = Debug|Any CPU
		{EA620EE1-2E99-43E7-A4F2-D872023EA04E}.Release|Any CPU.ActiveCfg = Release|Any CPU
		{EA620EE1-2E99-43E7-A4F2-D872023EA04E}.Release|Any CPU.Build.0 = Release|Any CPU
		{8DAD1163-6E99-4428-9129-49C95F67B555}.Debug|Any CPU.ActiveCfg = Debug|Any CPU
		{8DAD1163-6E99-4428-9129-49C95F67B555}.Debug|Any CPU.Build.0 = Debug|Any CPU
		{8DAD1163-6E99-4428-9129-49C95F67B555}.Release|Any CPU.ActiveCfg = Release|Any CPU
		{8DAD1163-6E99-4428-9129-49C95F67B555}.Release|Any CPU.Build.0 = Release|Any CPU
		{E98BF563-45C1-4C2B-A934-04204BFBE8EB}.Debug|Any CPU.ActiveCfg = Debug|Any CPU
		{E98BF563-45C1-4C2B-A934-04204BFBE8EB}.Debug|Any CPU.Build.0 = Debug|Any CPU
		{E98BF563-45C1-4C2B-A934-04204BFBE8EB}.Release|Any CPU.ActiveCfg = Release|Any CPU
		{E98BF563-45C1-4C2B-A934-04204BFBE8EB}.Release|Any CPU.Build.0 = Release|Any CPU
		{9547AABE-6158-4B9A-A456-8D5E098041C4}.Debug|Any CPU.ActiveCfg = Debug|Any CPU
		{9547AABE-6158-4B9A-A456-8D5E098041C4}.Debug|Any CPU.Build.0 = Debug|Any CPU
		{9547AABE-6158-4B9A-A456-8D5E098041C4}.Release|Any CPU.ActiveCfg = Release|Any CPU
		{9547AABE-6158-4B9A-A456-8D5E098041C4}.Release|Any CPU.Build.0 = Release|Any CPU
		{46573855-7B89-4C43-8490-68107BE7BB6B}.Debug|Any CPU.ActiveCfg = Debug|Any CPU
		{46573855-7B89-4C43-8490-68107BE7BB6B}.Debug|Any CPU.Build.0 = Debug|Any CPU
		{46573855-7B89-4C43-8490-68107BE7BB6B}.Release|Any CPU.ActiveCfg = Release|Any CPU
		{46573855-7B89-4C43-8490-68107BE7BB6B}.Release|Any CPU.Build.0 = Release|Any CPU
		{1CDA93B0-B384-4C92-9999-2AA0D4D2EA1C}.Debug|Any CPU.ActiveCfg = Debug|Any CPU
		{1CDA93B0-B384-4C92-9999-2AA0D4D2EA1C}.Debug|Any CPU.Build.0 = Debug|Any CPU
		{1CDA93B0-B384-4C92-9999-2AA0D4D2EA1C}.Release|Any CPU.ActiveCfg = Release|Any CPU
		{1CDA93B0-B384-4C92-9999-2AA0D4D2EA1C}.Release|Any CPU.Build.0 = Release|Any CPU
		{6974E99E-2B69-47A3-B789-DAE864045912}.Debug|Any CPU.ActiveCfg = Debug|Any CPU
		{6974E99E-2B69-47A3-B789-DAE864045912}.Debug|Any CPU.Build.0 = Debug|Any CPU
		{6974E99E-2B69-47A3-B789-DAE864045912}.Release|Any CPU.ActiveCfg = Release|Any CPU
		{6974E99E-2B69-47A3-B789-DAE864045912}.Release|Any CPU.Build.0 = Release|Any CPU
		{AF7E70DC-9037-4B25-AEBB-9A421A4274CF}.Debug|Any CPU.ActiveCfg = Debug|Any CPU
		{AF7E70DC-9037-4B25-AEBB-9A421A4274CF}.Debug|Any CPU.Build.0 = Debug|Any CPU
		{AF7E70DC-9037-4B25-AEBB-9A421A4274CF}.Release|Any CPU.ActiveCfg = Release|Any CPU
		{AF7E70DC-9037-4B25-AEBB-9A421A4274CF}.Release|Any CPU.Build.0 = Release|Any CPU
		{753A9934-1469-4C0E-9BD6-EA4C22F9A37E}.Debug|Any CPU.ActiveCfg = Debug|Any CPU
		{753A9934-1469-4C0E-9BD6-EA4C22F9A37E}.Debug|Any CPU.Build.0 = Debug|Any CPU
		{753A9934-1469-4C0E-9BD6-EA4C22F9A37E}.Release|Any CPU.ActiveCfg = Release|Any CPU
		{753A9934-1469-4C0E-9BD6-EA4C22F9A37E}.Release|Any CPU.Build.0 = Release|Any CPU
		{0F7F5299-51A8-4617-AE24-AA2C57843CD3}.Debug|Any CPU.ActiveCfg = Debug|Any CPU
		{0F7F5299-51A8-4617-AE24-AA2C57843CD3}.Debug|Any CPU.Build.0 = Debug|Any CPU
		{0F7F5299-51A8-4617-AE24-AA2C57843CD3}.Release|Any CPU.ActiveCfg = Release|Any CPU
		{0F7F5299-51A8-4617-AE24-AA2C57843CD3}.Release|Any CPU.Build.0 = Release|Any CPU
		{893FBBE4-19DA-470F-A216-35090498504F}.Debug|Any CPU.ActiveCfg = Debug|Any CPU
		{893FBBE4-19DA-470F-A216-35090498504F}.Debug|Any CPU.Build.0 = Debug|Any CPU
		{893FBBE4-19DA-470F-A216-35090498504F}.Release|Any CPU.ActiveCfg = Release|Any CPU
		{893FBBE4-19DA-470F-A216-35090498504F}.Release|Any CPU.Build.0 = Release|Any CPU
		{D87BAE5A-3D09-424A-8216-A711482EE1AF}.Debug|Any CPU.ActiveCfg = Debug|Any CPU
		{D87BAE5A-3D09-424A-8216-A711482EE1AF}.Debug|Any CPU.Build.0 = Debug|Any CPU
		{D87BAE5A-3D09-424A-8216-A711482EE1AF}.Release|Any CPU.ActiveCfg = Release|Any CPU
		{D87BAE5A-3D09-424A-8216-A711482EE1AF}.Release|Any CPU.Build.0 = Release|Any CPU
		{7B0D4D98-82E5-42BF-A20B-98A9C212AFAB}.Debug|Any CPU.ActiveCfg = Debug|Any CPU
		{7B0D4D98-82E5-42BF-A20B-98A9C212AFAB}.Debug|Any CPU.Build.0 = Debug|Any CPU
		{7B0D4D98-82E5-42BF-A20B-98A9C212AFAB}.Release|Any CPU.ActiveCfg = Release|Any CPU
		{7B0D4D98-82E5-42BF-A20B-98A9C212AFAB}.Release|Any CPU.Build.0 = Release|Any CPU
	EndGlobalSection
	GlobalSection(NestedProjects) = preSolution
		{4CB14973-93E2-4B96-B67A-4E2981CA7F14} = {CAA7ABA9-75AD-4364-9CC3-AC04A8872A82}
		{D6E5B43C-034B-4DAF-A46A-B41C11C303BD} = {52567E81-DF6D-4D22-A83A-3D6DC184DEFB}
		{266D5AE5-F9EF-49A7-96C2-38620CE10B86} = {D6E5B43C-034B-4DAF-A46A-B41C11C303BD}
		{E6153CC5-9BB6-4C39-9E79-CF9AD54562B6} = {D6E5B43C-034B-4DAF-A46A-B41C11C303BD}
		{3CAF28E6-0E30-45BF-8FD5-3AAD6ABE32D5} = {D6E5B43C-034B-4DAF-A46A-B41C11C303BD}
		{9B10617C-AE38-47C5-A5AB-E1A545690DF2} = {D6E5B43C-034B-4DAF-A46A-B41C11C303BD}
		{257F5EAE-4C96-48D4-9447-E766424B6828} = {52567E81-DF6D-4D22-A83A-3D6DC184DEFB}
		{5A626F8C-0418-4577-97E5-526E2A90CCB7} = {257F5EAE-4C96-48D4-9447-E766424B6828}
		{EA620EE1-2E99-43E7-A4F2-D872023EA04E} = {257F5EAE-4C96-48D4-9447-E766424B6828}
		{8DAD1163-6E99-4428-9129-49C95F67B555} = {257F5EAE-4C96-48D4-9447-E766424B6828}
		{E98BF563-45C1-4C2B-A934-04204BFBE8EB} = {257F5EAE-4C96-48D4-9447-E766424B6828}
		{EE1E21FE-D488-4B33-927E-6D992388D5EF} = {52567E81-DF6D-4D22-A83A-3D6DC184DEFB}
		{9547AABE-6158-4B9A-A456-8D5E098041C4} = {EE1E21FE-D488-4B33-927E-6D992388D5EF}
		{46573855-7B89-4C43-8490-68107BE7BB6B} = {EE1E21FE-D488-4B33-927E-6D992388D5EF}
		{1CDA93B0-B384-4C92-9999-2AA0D4D2EA1C} = {EE1E21FE-D488-4B33-927E-6D992388D5EF}
		{6974E99E-2B69-47A3-B789-DAE864045912} = {EE1E21FE-D488-4B33-927E-6D992388D5EF}
		{5359C893-942F-4973-8032-DE3B86A0B0F3} = {52567E81-DF6D-4D22-A83A-3D6DC184DEFB}
		{BD1CAD63-154D-47F1-BCF8-E626378CD5DC} = {5359C893-942F-4973-8032-DE3B86A0B0F3}
		{EBCD5B76-20BA-4CD9-B8FC-A7D9522C4C31} = {5359C893-942F-4973-8032-DE3B86A0B0F3}
		{CA3FA2B0-8C00-4846-ABEA-1BCA0B3D1719} = {5359C893-942F-4973-8032-DE3B86A0B0F3}
		{AF7E70DC-9037-4B25-AEBB-9A421A4274CF} = {66BCF546-0630-4456-9DD3-4BBF28F58CE3}
		{0F7F5299-51A8-4617-AE24-AA2C57843CD3} = {D6E5B43C-034B-4DAF-A46A-B41C11C303BD}
		{893FBBE4-19DA-470F-A216-35090498504F} = {68D1DDE7-8971-49D0-91C3-82727BB948E9}
		{D87BAE5A-3D09-424A-8216-A711482EE1AF} = {68D1DDE7-8971-49D0-91C3-82727BB948E9}
		{7B0D4D98-82E5-42BF-A20B-98A9C212AFAB} = {68D1DDE7-8971-49D0-91C3-82727BB948E9}
	EndGlobalSection
EndGlobal
